// !$*UTF8*$!
{
	archiveVersion = 1;
	classes = {
	};
	objectVersion = 56;
	objects = {

/* Begin PBXBuildFile section */
		71F5C4E729573EDF004D09E1 /* AppDelegate.swift in Sources */ = {isa = PBXBuildFile; fileRef = 71F5C4E629573EDF004D09E1 /* AppDelegate.swift */; };
		71F5C4E929573EDF004D09E1 /* SceneDelegate.swift in Sources */ = {isa = PBXBuildFile; fileRef = 71F5C4E829573EDF004D09E1 /* SceneDelegate.swift */; };
		71F5C4EB29573EDF004D09E1 /* ViewController.swift in Sources */ = {isa = PBXBuildFile; fileRef = 71F5C4EA29573EDF004D09E1 /* ViewController.swift */; };
		71F5C4EE29573EDF004D09E1 /* Main.storyboard in Resources */ = {isa = PBXBuildFile; fileRef = 71F5C4EC29573EDF004D09E1 /* Main.storyboard */; };
		71F5C4F029573EE0004D09E1 /* Assets.xcassets in Resources */ = {isa = PBXBuildFile; fileRef = 71F5C4EF29573EE0004D09E1 /* Assets.xcassets */; };
		71F5C4F329573EE0004D09E1 /* LaunchScreen.storyboard in Resources */ = {isa = PBXBuildFile; fileRef = 71F5C4F129573EE0004D09E1 /* LaunchScreen.storyboard */; };
		71F5C4FE29573EE0004D09E1 /* JKTabBarExampleTests.swift in Sources */ = {isa = PBXBuildFile; fileRef = 71F5C4FD29573EE0004D09E1 /* JKTabBarExampleTests.swift */; };
		71F5C50829573EE0004D09E1 /* JKTabBarExampleUITests.swift in Sources */ = {isa = PBXBuildFile; fileRef = 71F5C50729573EE0004D09E1 /* JKTabBarExampleUITests.swift */; };
		71F5C50A29573EE0004D09E1 /* JKTabBarExampleUITestsLaunchTests.swift in Sources */ = {isa = PBXBuildFile; fileRef = 71F5C50929573EE0004D09E1 /* JKTabBarExampleUITestsLaunchTests.swift */; };
		71F5C51729573F1C004D09E1 /* JKTabBarController.swift in Sources */ = {isa = PBXBuildFile; fileRef = 71F5C51629573F1C004D09E1 /* JKTabBarController.swift */; };
		71F5C519295757C8004D09E1 /* JKTabBar.swift in Sources */ = {isa = PBXBuildFile; fileRef = 71F5C518295757C8004D09E1 /* JKTabBar.swift */; };
/* End PBXBuildFile section */

/* Begin PBXContainerItemProxy section */
		71F5C4FA29573EE0004D09E1 /* PBXContainerItemProxy */ = {
			isa = PBXContainerItemProxy;
			containerPortal = 71F5C4DB29573EDF004D09E1 /* Project object */;
			proxyType = 1;
			remoteGlobalIDString = 71F5C4E229573EDF004D09E1;
			remoteInfo = JKTabBarExample;
		};
		71F5C50429573EE0004D09E1 /* PBXContainerItemProxy */ = {
			isa = PBXContainerItemProxy;
			containerPortal = 71F5C4DB29573EDF004D09E1 /* Project object */;
			proxyType = 1;
			remoteGlobalIDString = 71F5C4E229573EDF004D09E1;
			remoteInfo = JKTabBarExample;
		};
/* End PBXContainerItemProxy section */

/* Begin PBXFileReference section */
		71F5C4E329573EDF004D09E1 /* JKTabBarExample.app */ = {isa = PBXFileReference; explicitFileType = wrapper.application; includeInIndex = 0; path = JKTabBarExample.app; sourceTree = BUILT_PRODUCTS_DIR; };
		71F5C4E629573EDF004D09E1 /* AppDelegate.swift */ = {isa = PBXFileReference; lastKnownFileType = sourcecode.swift; path = AppDelegate.swift; sourceTree = "<group>"; };
		71F5C4E829573EDF004D09E1 /* SceneDelegate.swift */ = {isa = PBXFileReference; lastKnownFileType = sourcecode.swift; path = SceneDelegate.swift; sourceTree = "<group>"; };
		71F5C4EA29573EDF004D09E1 /* ViewController.swift */ = {isa = PBXFileReference; lastKnownFileType = sourcecode.swift; path = ViewController.swift; sourceTree = "<group>"; };
		71F5C4ED29573EDF004D09E1 /* Base */ = {isa = PBXFileReference; lastKnownFileType = file.storyboard; name = Base; path = Base.lproj/Main.storyboard; sourceTree = "<group>"; };
		71F5C4EF29573EE0004D09E1 /* Assets.xcassets */ = {isa = PBXFileReference; lastKnownFileType = folder.assetcatalog; path = Assets.xcassets; sourceTree = "<group>"; };
		71F5C4F229573EE0004D09E1 /* Base */ = {isa = PBXFileReference; lastKnownFileType = file.storyboard; name = Base; path = Base.lproj/LaunchScreen.storyboard; sourceTree = "<group>"; };
		71F5C4F429573EE0004D09E1 /* Info.plist */ = {isa = PBXFileReference; lastKnownFileType = text.plist.xml; path = Info.plist; sourceTree = "<group>"; };
		71F5C4F929573EE0004D09E1 /* JKTabBarExampleTests.xctest */ = {isa = PBXFileReference; explicitFileType = wrapper.cfbundle; includeInIndex = 0; path = JKTabBarExampleTests.xctest; sourceTree = BUILT_PRODUCTS_DIR; };
		71F5C4FD29573EE0004D09E1 /* JKTabBarExampleTests.swift */ = {isa = PBXFileReference; lastKnownFileType = sourcecode.swift; path = JKTabBarExampleTests.swift; sourceTree = "<group>"; };
		71F5C50329573EE0004D09E1 /* JKTabBarExampleUITests.xctest */ = {isa = PBXFileReference; explicitFileType = wrapper.cfbundle; includeInIndex = 0; path = JKTabBarExampleUITests.xctest; sourceTree = BUILT_PRODUCTS_DIR; };
		71F5C50729573EE0004D09E1 /* JKTabBarExampleUITests.swift */ = {isa = PBXFileReference; lastKnownFileType = sourcecode.swift; path = JKTabBarExampleUITests.swift; sourceTree = "<group>"; };
		71F5C50929573EE0004D09E1 /* JKTabBarExampleUITestsLaunchTests.swift */ = {isa = PBXFileReference; lastKnownFileType = sourcecode.swift; path = JKTabBarExampleUITestsLaunchTests.swift; sourceTree = "<group>"; };
		71F5C51629573F1C004D09E1 /* JKTabBarController.swift */ = {isa = PBXFileReference; lastKnownFileType = sourcecode.swift; path = JKTabBarController.swift; sourceTree = "<group>"; };
		71F5C518295757C8004D09E1 /* JKTabBar.swift */ = {isa = PBXFileReference; lastKnownFileType = sourcecode.swift; path = JKTabBar.swift; sourceTree = "<group>"; };
/* End PBXFileReference section */

/* Begin PBXFrameworksBuildPhase section */
		71F5C4E029573EDF004D09E1 /* Frameworks */ = {
			isa = PBXFrameworksBuildPhase;
			buildActionMask = 2147483647;
			files = (
			);
			runOnlyForDeploymentPostprocessing = 0;
		};
		71F5C4F629573EE0004D09E1 /* Frameworks */ = {
			isa = PBXFrameworksBuildPhase;
			buildActionMask = 2147483647;
			files = (
			);
			runOnlyForDeploymentPostprocessing = 0;
		};
		71F5C50029573EE0004D09E1 /* Frameworks */ = {
			isa = PBXFrameworksBuildPhase;
			buildActionMask = 2147483647;
			files = (
			);
			runOnlyForDeploymentPostprocessing = 0;
		};
/* End PBXFrameworksBuildPhase section */

/* Begin PBXGroup section */
		71F5C4DA29573EDF004D09E1 = {
			isa = PBXGroup;
			children = (
				71F5C4E529573EDF004D09E1 /* JKTabBarExample */,
				71F5C4FC29573EE0004D09E1 /* JKTabBarExampleTests */,
				71F5C50629573EE0004D09E1 /* JKTabBarExampleUITests */,
				71F5C4E429573EDF004D09E1 /* Products */,
			);
			sourceTree = "<group>";
		};
		71F5C4E429573EDF004D09E1 /* Products */ = {
			isa = PBXGroup;
			children = (
				71F5C4E329573EDF004D09E1 /* JKTabBarExample.app */,
				71F5C4F929573EE0004D09E1 /* JKTabBarExampleTests.xctest */,
				71F5C50329573EE0004D09E1 /* JKTabBarExampleUITests.xctest */,
			);
			name = Products;
			sourceTree = "<group>";
		};
		71F5C4E529573EDF004D09E1 /* JKTabBarExample */ = {
			isa = PBXGroup;
			children = (
				71F5C4E629573EDF004D09E1 /* AppDelegate.swift */,
				71F5C4E829573EDF004D09E1 /* SceneDelegate.swift */,
				71F5C4EA29573EDF004D09E1 /* ViewController.swift */,
				71F5C4EC29573EDF004D09E1 /* Main.storyboard */,
				71F5C4EF29573EE0004D09E1 /* Assets.xcassets */,
				71F5C4F129573EE0004D09E1 /* LaunchScreen.storyboard */,
				71F5C4F429573EE0004D09E1 /* Info.plist */,
				71F5C51629573F1C004D09E1 /* JKTabBarController.swift */,
				71F5C518295757C8004D09E1 /* JKTabBar.swift */,
			);
			path = JKTabBarExample;
			sourceTree = "<group>";
		};
		71F5C4FC29573EE0004D09E1 /* JKTabBarExampleTests */ = {
			isa = PBXGroup;
			children = (
				71F5C4FD29573EE0004D09E1 /* JKTabBarExampleTests.swift */,
			);
			path = JKTabBarExampleTests;
			sourceTree = "<group>";
		};
		71F5C50629573EE0004D09E1 /* JKTabBarExampleUITests */ = {
			isa = PBXGroup;
			children = (
				71F5C50729573EE0004D09E1 /* JKTabBarExampleUITests.swift */,
				71F5C50929573EE0004D09E1 /* JKTabBarExampleUITestsLaunchTests.swift */,
			);
			path = JKTabBarExampleUITests;
			sourceTree = "<group>";
		};
/* End PBXGroup section */

/* Begin PBXNativeTarget section */
		71F5C4E229573EDF004D09E1 /* JKTabBarExample */ = {
			isa = PBXNativeTarget;
			buildConfigurationList = 71F5C50D29573EE0004D09E1 /* Build configuration list for PBXNativeTarget "JKTabBarExample" */;
			buildPhases = (
				71F5C4DF29573EDF004D09E1 /* Sources */,
				71F5C4E029573EDF004D09E1 /* Frameworks */,
				71F5C4E129573EDF004D09E1 /* Resources */,
			);
			buildRules = (
			);
			dependencies = (
			);
			name = JKTabBarExample;
			productName = JKTabBarExample;
			productReference = 71F5C4E329573EDF004D09E1 /* JKTabBarExample.app */;
			productType = "com.apple.product-type.application";
		};
		71F5C4F829573EE0004D09E1 /* JKTabBarExampleTests */ = {
			isa = PBXNativeTarget;
			buildConfigurationList = 71F5C51029573EE0004D09E1 /* Build configuration list for PBXNativeTarget "JKTabBarExampleTests" */;
			buildPhases = (
				71F5C4F529573EE0004D09E1 /* Sources */,
				71F5C4F629573EE0004D09E1 /* Frameworks */,
				71F5C4F729573EE0004D09E1 /* Resources */,
			);
			buildRules = (
			);
			dependencies = (
				71F5C4FB29573EE0004D09E1 /* PBXTargetDependency */,
			);
			name = JKTabBarExampleTests;
			productName = JKTabBarExampleTests;
			productReference = 71F5C4F929573EE0004D09E1 /* JKTabBarExampleTests.xctest */;
			productType = "com.apple.product-type.bundle.unit-test";
		};
		71F5C50229573EE0004D09E1 /* JKTabBarExampleUITests */ = {
			isa = PBXNativeTarget;
			buildConfigurationList = 71F5C51329573EE0004D09E1 /* Build configuration list for PBXNativeTarget "JKTabBarExampleUITests" */;
			buildPhases = (
				71F5C4FF29573EE0004D09E1 /* Sources */,
				71F5C50029573EE0004D09E1 /* Frameworks */,
				71F5C50129573EE0004D09E1 /* Resources */,
			);
			buildRules = (
			);
			dependencies = (
				71F5C50529573EE0004D09E1 /* PBXTargetDependency */,
			);
			name = JKTabBarExampleUITests;
			productName = JKTabBarExampleUITests;
			productReference = 71F5C50329573EE0004D09E1 /* JKTabBarExampleUITests.xctest */;
			productType = "com.apple.product-type.bundle.ui-testing";
		};
/* End PBXNativeTarget section */

/* Begin PBXProject section */
		71F5C4DB29573EDF004D09E1 /* Project object */ = {
			isa = PBXProject;
			attributes = {
				BuildIndependentTargetsInParallel = 1;
				LastSwiftUpdateCheck = 1410;
				LastUpgradeCheck = 1410;
				TargetAttributes = {
					71F5C4E229573EDF004D09E1 = {
						CreatedOnToolsVersion = 14.1;
					};
					71F5C4F829573EE0004D09E1 = {
						CreatedOnToolsVersion = 14.1;
						TestTargetID = 71F5C4E229573EDF004D09E1;
					};
					71F5C50229573EE0004D09E1 = {
						CreatedOnToolsVersion = 14.1;
						TestTargetID = 71F5C4E229573EDF004D09E1;
					};
				};
			};
			buildConfigurationList = 71F5C4DE29573EDF004D09E1 /* Build configuration list for PBXProject "JKTabBarExample" */;
			compatibilityVersion = "Xcode 14.0";
			developmentRegion = en;
			hasScannedForEncodings = 0;
			knownRegions = (
				en,
				Base,
			);
			mainGroup = 71F5C4DA29573EDF004D09E1;
			productRefGroup = 71F5C4E429573EDF004D09E1 /* Products */;
			projectDirPath = "";
			projectRoot = "";
			targets = (
				71F5C4E229573EDF004D09E1 /* JKTabBarExample */,
				71F5C4F829573EE0004D09E1 /* JKTabBarExampleTests */,
				71F5C50229573EE0004D09E1 /* JKTabBarExampleUITests */,
			);
		};
/* End PBXProject section */

/* Begin PBXResourcesBuildPhase section */
		71F5C4E129573EDF004D09E1 /* Resources */ = {
			isa = PBXResourcesBuildPhase;
			buildActionMask = 2147483647;
			files = (
				71F5C4F329573EE0004D09E1 /* LaunchScreen.storyboard in Resources */,
				71F5C4F029573EE0004D09E1 /* Assets.xcassets in Resources */,
				71F5C4EE29573EDF004D09E1 /* Main.storyboard in Resources */,
			);
			runOnlyForDeploymentPostprocessing = 0;
		};
		71F5C4F729573EE0004D09E1 /* Resources */ = {
			isa = PBXResourcesBuildPhase;
			buildActionMask = 2147483647;
			files = (
			);
			runOnlyForDeploymentPostprocessing = 0;
		};
		71F5C50129573EE0004D09E1 /* Resources */ = {
			isa = PBXResourcesBuildPhase;
			buildActionMask = 2147483647;
			files = (
			);
			runOnlyForDeploymentPostprocessing = 0;
		};
/* End PBXResourcesBuildPhase section */

/* Begin PBXSourcesBuildPhase section */
		71F5C4DF29573EDF004D09E1 /* Sources */ = {
			isa = PBXSourcesBuildPhase;
			buildActionMask = 2147483647;
			files = (
				71F5C51729573F1C004D09E1 /* JKTabBarController.swift in Sources */,
				71F5C4EB29573EDF004D09E1 /* ViewController.swift in Sources */,
				71F5C4E729573EDF004D09E1 /* AppDelegate.swift in Sources */,
				71F5C4E929573EDF004D09E1 /* SceneDelegate.swift in Sources */,
				71F5C519295757C8004D09E1 /* JKTabBar.swift in Sources */,
			);
			runOnlyForDeploymentPostprocessing = 0;
		};
		71F5C4F529573EE0004D09E1 /* Sources */ = {
			isa = PBXSourcesBuildPhase;
			buildActionMask = 2147483647;
			files = (
				71F5C4FE29573EE0004D09E1 /* JKTabBarExampleTests.swift in Sources */,
			);
			runOnlyForDeploymentPostprocessing = 0;
		};
		71F5C4FF29573EE0004D09E1 /* Sources */ = {
			isa = PBXSourcesBuildPhase;
			buildActionMask = 2147483647;
			files = (
				71F5C50A29573EE0004D09E1 /* JKTabBarExampleUITestsLaunchTests.swift in Sources */,
				71F5C50829573EE0004D09E1 /* JKTabBarExampleUITests.swift in Sources */,
			);
			runOnlyForDeploymentPostprocessing = 0;
		};
/* End PBXSourcesBuildPhase section */

/* Begin PBXTargetDependency section */
		71F5C4FB29573EE0004D09E1 /* PBXTargetDependency */ = {
			isa = PBXTargetDependency;
			target = 71F5C4E229573EDF004D09E1 /* JKTabBarExample */;
			targetProxy = 71F5C4FA29573EE0004D09E1 /* PBXContainerItemProxy */;
		};
		71F5C50529573EE0004D09E1 /* PBXTargetDependency */ = {
			isa = PBXTargetDependency;
			target = 71F5C4E229573EDF004D09E1 /* JKTabBarExample */;
			targetProxy = 71F5C50429573EE0004D09E1 /* PBXContainerItemProxy */;
		};
/* End PBXTargetDependency section */

/* Begin PBXVariantGroup section */
		71F5C4EC29573EDF004D09E1 /* Main.storyboard */ = {
			isa = PBXVariantGroup;
			children = (
				71F5C4ED29573EDF004D09E1 /* Base */,
			);
			name = Main.storyboard;
			sourceTree = "<group>";
		};
		71F5C4F129573EE0004D09E1 /* LaunchScreen.storyboard */ = {
			isa = PBXVariantGroup;
			children = (
				71F5C4F229573EE0004D09E1 /* Base */,
			);
			name = LaunchScreen.storyboard;
			sourceTree = "<group>";
		};
/* End PBXVariantGroup section */

/* Begin XCBuildConfiguration section */
		71F5C50B29573EE0004D09E1 /* Debug */ = {
			isa = XCBuildConfiguration;
			buildSettings = {
				ALWAYS_SEARCH_USER_PATHS = NO;
				CLANG_ANALYZER_NONNULL = YES;
				CLANG_ANALYZER_NUMBER_OBJECT_CONVERSION = YES_AGGRESSIVE;
				CLANG_CXX_LANGUAGE_STANDARD = "gnu++20";
				CLANG_ENABLE_MODULES = YES;
				CLANG_ENABLE_OBJC_ARC = YES;
				CLANG_ENABLE_OBJC_WEAK = YES;
				CLANG_WARN_BLOCK_CAPTURE_AUTORELEASING = YES;
				CLANG_WARN_BOOL_CONVERSION = YES;
				CLANG_WARN_COMMA = YES;
				CLANG_WARN_CONSTANT_CONVERSION = YES;
				CLANG_WARN_DEPRECATED_OBJC_IMPLEMENTATIONS = YES;
				CLANG_WARN_DIRECT_OBJC_ISA_USAGE = YES_ERROR;
				CLANG_WARN_DOCUMENTATION_COMMENTS = YES;
				CLANG_WARN_EMPTY_BODY = YES;
				CLANG_WARN_ENUM_CONVERSION = YES;
				CLANG_WARN_INFINITE_RECURSION = YES;
				CLANG_WARN_INT_CONVERSION = YES;
				CLANG_WARN_NON_LITERAL_NULL_CONVERSION = YES;
				CLANG_WARN_OBJC_IMPLICIT_RETAIN_SELF = YES;
				CLANG_WARN_OBJC_LITERAL_CONVERSION = YES;
				CLANG_WARN_OBJC_ROOT_CLASS = YES_ERROR;
				CLANG_WARN_QUOTED_INCLUDE_IN_FRAMEWORK_HEADER = YES;
				CLANG_WARN_RANGE_LOOP_ANALYSIS = YES;
				CLANG_WARN_STRICT_PROTOTYPES = YES;
				CLANG_WARN_SUSPICIOUS_MOVE = YES;
				CLANG_WARN_UNGUARDED_AVAILABILITY = YES_AGGRESSIVE;
				CLANG_WARN_UNREACHABLE_CODE = YES;
				CLANG_WARN__DUPLICATE_METHOD_MATCH = YES;
				COPY_PHASE_STRIP = NO;
				DEBUG_INFORMATION_FORMAT = dwarf;
				ENABLE_STRICT_OBJC_MSGSEND = YES;
				ENABLE_TESTABILITY = YES;
				GCC_C_LANGUAGE_STANDARD = gnu11;
				GCC_DYNAMIC_NO_PIC = NO;
				GCC_NO_COMMON_BLOCKS = YES;
				GCC_OPTIMIZATION_LEVEL = 0;
				GCC_PREPROCESSOR_DEFINITIONS = (
					"DEBUG=1",
					"$(inherited)",
				);
				GCC_WARN_64_TO_32_BIT_CONVERSION = YES;
				GCC_WARN_ABOUT_RETURN_TYPE = YES_ERROR;
				GCC_WARN_UNDECLARED_SELECTOR = YES;
				GCC_WARN_UNINITIALIZED_AUTOS = YES_AGGRESSIVE;
				GCC_WARN_UNUSED_FUNCTION = YES;
				GCC_WARN_UNUSED_VARIABLE = YES;
				IPHONEOS_DEPLOYMENT_TARGET = 16.1;
				MTL_ENABLE_DEBUG_INFO = INCLUDE_SOURCE;
				MTL_FAST_MATH = YES;
				ONLY_ACTIVE_ARCH = YES;
				SDKROOT = iphoneos;
				SWIFT_ACTIVE_COMPILATION_CONDITIONS = DEBUG;
				SWIFT_OPTIMIZATION_LEVEL = "-Onone";
			};
			name = Debug;
		};
		71F5C50C29573EE0004D09E1 /* Release */ = {
			isa = XCBuildConfiguration;
			buildSettings = {
				ALWAYS_SEARCH_USER_PATHS = NO;
				CLANG_ANALYZER_NONNULL = YES;
				CLANG_ANALYZER_NUMBER_OBJECT_CONVERSION = YES_AGGRESSIVE;
				CLANG_CXX_LANGUAGE_STANDARD = "gnu++20";
				CLANG_ENABLE_MODULES = YES;
				CLANG_ENABLE_OBJC_ARC = YES;
				CLANG_ENABLE_OBJC_WEAK = YES;
				CLANG_WARN_BLOCK_CAPTURE_AUTORELEASING = YES;
				CLANG_WARN_BOOL_CONVERSION = YES;
				CLANG_WARN_COMMA = YES;
				CLANG_WARN_CONSTANT_CONVERSION = YES;
				CLANG_WARN_DEPRECATED_OBJC_IMPLEMENTATIONS = YES;
				CLANG_WARN_DIRECT_OBJC_ISA_USAGE = YES_ERROR;
				CLANG_WARN_DOCUMENTATION_COMMENTS = YES;
				CLANG_WARN_EMPTY_BODY = YES;
				CLANG_WARN_ENUM_CONVERSION = YES;
				CLANG_WARN_INFINITE_RECURSION = YES;
				CLANG_WARN_INT_CONVERSION = YES;
				CLANG_WARN_NON_LITERAL_NULL_CONVERSION = YES;
				CLANG_WARN_OBJC_IMPLICIT_RETAIN_SELF = YES;
				CLANG_WARN_OBJC_LITERAL_CONVERSION = YES;
				CLANG_WARN_OBJC_ROOT_CLASS = YES_ERROR;
				CLANG_WARN_QUOTED_INCLUDE_IN_FRAMEWORK_HEADER = YES;
				CLANG_WARN_RANGE_LOOP_ANALYSIS = YES;
				CLANG_WARN_STRICT_PROTOTYPES = YES;
				CLANG_WARN_SUSPICIOUS_MOVE = YES;
				CLANG_WARN_UNGUARDED_AVAILABILITY = YES_AGGRESSIVE;
				CLANG_WARN_UNREACHABLE_CODE = YES;
				CLANG_WARN__DUPLICATE_METHOD_MATCH = YES;
				COPY_PHASE_STRIP = NO;
				DEBUG_INFORMATION_FORMAT = "dwarf-with-dsym";
				ENABLE_NS_ASSERTIONS = NO;
				ENABLE_STRICT_OBJC_MSGSEND = YES;
				GCC_C_LANGUAGE_STANDARD = gnu11;
				GCC_NO_COMMON_BLOCKS = YES;
				GCC_WARN_64_TO_32_BIT_CONVERSION = YES;
				GCC_WARN_ABOUT_RETURN_TYPE = YES_ERROR;
				GCC_WARN_UNDECLARED_SELECTOR = YES;
				GCC_WARN_UNINITIALIZED_AUTOS = YES_AGGRESSIVE;
				GCC_WARN_UNUSED_FUNCTION = YES;
				GCC_WARN_UNUSED_VARIABLE = YES;
				IPHONEOS_DEPLOYMENT_TARGET = 16.1;
				MTL_ENABLE_DEBUG_INFO = NO;
				MTL_FAST_MATH = YES;
				SDKROOT = iphoneos;
				SWIFT_COMPILATION_MODE = wholemodule;
				SWIFT_OPTIMIZATION_LEVEL = "-O";
				VALIDATE_PRODUCT = YES;
			};
			name = Release;
		};
		71F5C50E29573EE0004D09E1 /* Debug */ = {
			isa = XCBuildConfiguration;
			buildSettings = {
				ASSETCATALOG_COMPILER_APPICON_NAME = AppIcon;
				ASSETCATALOG_COMPILER_GLOBAL_ACCENT_COLOR_NAME = AccentColor;
				CODE_SIGN_STYLE = Automatic;
				CURRENT_PROJECT_VERSION = 1;
				GENERATE_INFOPLIST_FILE = YES;
				INFOPLIST_FILE = JKTabBarExample/Info.plist;
				INFOPLIST_KEY_UIApplicationSupportsIndirectInputEvents = YES;
				INFOPLIST_KEY_UILaunchStoryboardName = LaunchScreen;
				INFOPLIST_KEY_UIMainStoryboardFile = Main;
				INFOPLIST_KEY_UISupportedInterfaceOrientations_iPad = "UIInterfaceOrientationPortrait UIInterfaceOrientationPortraitUpsideDown UIInterfaceOrientationLandscapeLeft UIInterfaceOrientationLandscapeRight";
				INFOPLIST_KEY_UISupportedInterfaceOrientations_iPhone = "UIInterfaceOrientationPortrait UIInterfaceOrientationLandscapeLeft UIInterfaceOrientationLandscapeRight";
				LD_RUNPATH_SEARCH_PATHS = (
					"$(inherited)",
					"@executable_path/Frameworks",
				);
				MARKETING_VERSION = 1.0;
				PRODUCT_BUNDLE_IDENTIFIER = testApp.JKTabBarExample;
				PRODUCT_NAME = "$(TARGET_NAME)";
				SWIFT_EMIT_LOC_STRINGS = YES;
				SWIFT_VERSION = 5.0;
				TARGETED_DEVICE_FAMILY = "1,2";
			};
			name = Debug;
		};
		71F5C50F29573EE0004D09E1 /* Release */ = {
			isa = XCBuildConfiguration;
			buildSettings = {
				ASSETCATALOG_COMPILER_APPICON_NAME = AppIcon;
				ASSETCATALOG_COMPILER_GLOBAL_ACCENT_COLOR_NAME = AccentColor;
				CODE_SIGN_STYLE = Automatic;
				CURRENT_PROJECT_VERSION = 1;
				GENERATE_INFOPLIST_FILE = YES;
				INFOPLIST_FILE = JKTabBarExample/Info.plist;
				INFOPLIST_KEY_UIApplicationSupportsIndirectInputEvents = YES;
				INFOPLIST_KEY_UILaunchStoryboardName = LaunchScreen;
				INFOPLIST_KEY_UIMainStoryboardFile = Main;
				INFOPLIST_KEY_UISupportedInterfaceOrientations_iPad = "UIInterfaceOrientationPortrait UIInterfaceOrientationPortraitUpsideDown UIInterfaceOrientationLandscapeLeft UIInterfaceOrientationLandscapeRight";
				INFOPLIST_KEY_UISupportedInterfaceOrientations_iPhone = "UIInterfaceOrientationPortrait UIInterfaceOrientationLandscapeLeft UIInterfaceOrientationLandscapeRight";
				LD_RUNPATH_SEARCH_PATHS = (
					"$(inherited)",
					"@executable_path/Frameworks",
				);
				MARKETING_VERSION = 1.0;
				PRODUCT_BUNDLE_IDENTIFIER = testApp.JKTabBarExample;
				PRODUCT_NAME = "$(TARGET_NAME)";
				SWIFT_EMIT_LOC_STRINGS = YES;
				SWIFT_VERSION = 5.0;
				TARGETED_DEVICE_FAMILY = "1,2";
			};
			name = Release;
		};
		71F5C51129573EE0004D09E1 /* Debug */ = {
			isa = XCBuildConfiguration;
			buildSettings = {
				ALWAYS_EMBED_SWIFT_STANDARD_LIBRARIES = YES;
				BUNDLE_LOADER = "$(TEST_HOST)";
				CODE_SIGN_STYLE = Automatic;
				CURRENT_PROJECT_VERSION = 1;
				GENERATE_INFOPLIST_FILE = YES;
				IPHONEOS_DEPLOYMENT_TARGET = 16.1;
				MARKETING_VERSION = 1.0;
				PRODUCT_BUNDLE_IDENTIFIER = testApp.JKTabBarExampleTests;
				PRODUCT_NAME = "$(TARGET_NAME)";
				SWIFT_EMIT_LOC_STRINGS = NO;
				SWIFT_VERSION = 5.0;
				TARGETED_DEVICE_FAMILY = "1,2";
				TEST_HOST = "$(BUILT_PRODUCTS_DIR)/JKTabBarExample.app/$(BUNDLE_EXECUTABLE_FOLDER_PATH)/JKTabBarExample";
			};
			name = Debug;
		};
		71F5C51229573EE0004D09E1 /* Release */ = {
			isa = XCBuildConfiguration;
			buildSettings = {
				ALWAYS_EMBED_SWIFT_STANDARD_LIBRARIES = YES;
				BUNDLE_LOADER = "$(TEST_HOST)";
				CODE_SIGN_STYLE = Automatic;
				CURRENT_PROJECT_VERSION = 1;
				GENERATE_INFOPLIST_FILE = YES;
				IPHONEOS_DEPLOYMENT_TARGET = 16.1;
				MARKETING_VERSION = 1.0;
				PRODUCT_BUNDLE_IDENTIFIER = testApp.JKTabBarExampleTests;
				PRODUCT_NAME = "$(TARGET_NAME)";
				SWIFT_EMIT_LOC_STRINGS = NO;
				SWIFT_VERSION = 5.0;
				TARGETED_DEVICE_FAMILY = "1,2";
				TEST_HOST = "$(BUILT_PRODUCTS_DIR)/JKTabBarExample.app/$(BUNDLE_EXECUTABLE_FOLDER_PATH)/JKTabBarExample";
			};
			name = Release;
		};
		71F5C51429573EE0004D09E1 /* Debug */ = {
			isa = XCBuildConfiguration;
			buildSettings = {
				ALWAYS_EMBED_SWIFT_STANDARD_LIBRARIES = YES;
				CODE_SIGN_STYLE = Automatic;
				CURRENT_PROJECT_VERSION = 1;
				GENERATE_INFOPLIST_FILE = YES;
				MARKETING_VERSION = 1.0;
				PRODUCT_BUNDLE_IDENTIFIER = testApp.JKTabBarExampleUITests;
				PRODUCT_NAME = "$(TARGET_NAME)";
				SWIFT_EMIT_LOC_STRINGS = NO;
				SWIFT_VERSION = 5.0;
				TARGETED_DEVICE_FAMILY = "1,2";
				TEST_TARGET_NAME = JKTabBarExample;
			};
			name = Debug;
		};
		71F5C51529573EE0004D09E1 /* Release */ = {
			isa = XCBuildConfiguration;
			buildSettings = {
				ALWAYS_EMBED_SWIFT_STANDARD_LIBRARIES = YES;
				CODE_SIGN_STYLE = Automatic;
				CURRENT_PROJECT_VERSION = 1;
				GENERATE_INFOPLIST_FILE = YES;
				MARKETING_VERSION = 1.0;
				PRODUCT_BUNDLE_IDENTIFIER = testApp.JKTabBarExampleUITests;
				PRODUCT_NAME = "$(TARGET_NAME)";
				SWIFT_EMIT_LOC_STRINGS = NO;
				SWIFT_VERSION = 5.0;
				TARGETED_DEVICE_FAMILY = "1,2";
				TEST_TARGET_NAME = JKTabBarExample;
			};
			name = Release;
		};
/* End XCBuildConfiguration section */

/* Begin XCConfigurationList section */
		71F5C4DE29573EDF004D09E1 /* Build configuration list for PBXProject "JKTabBarExample" */ = {
			isa = XCConfigurationList;
			buildConfigurations = (
				71F5C50B29573EE0004D09E1 /* Debug */,
				71F5C50C29573EE0004D09E1 /* Release */,
			);
			defaultConfigurationIsVisible = 0;
			defaultConfigurationName = Release;
		};
		71F5C50D29573EE0004D09E1 /* Build configuration list for PBXNativeTarget "JKTabBarExample" */ = {
			isa = XCConfigurationList;
			buildConfigurations = (
				71F5C50E29573EE0004D09E1 /* Debug */,
				71F5C50F29573EE0004D09E1 /* Release */,
			);
			defaultConfigurationIsVisible = 0;
			defaultConfigurationName = Release;
		};
		71F5C51029573EE0004D09E1 /* Build configuration list for PBXNativeTarget "JKTabBarExampleTests" */ = {
			isa = XCConfigurationList;
			buildConfigurations = (
				71F5C51129573EE0004D09E1 /* Debug */,
				71F5C51229573EE0004D09E1 /* Release */,
			);
			defaultConfigurationIsVisible = 0;
			defaultConfigurationName = Release;
		};
		71F5C51329573EE0004D09E1 /* Build configuration list for PBXNativeTarget "JKTabBarExampleUITests" */ = {
			isa = XCConfigurationList;
			buildConfigurations = (
				71F5C51429573EE0004D09E1 /* Debug */,
				71F5C51529573EE0004D09E1 /* Release */,
			);
			defaultConfigurationIsVisible = 0;
			defaultConfigurationName = Release;
		};
/* End XCConfigurationList section */
	};
	rootObject = 71F5C4DB29573EDF004D09E1 /* Project object */;
}
